
Microsoft Visual Studio Solution File, Format Version 12.00
# Visual Studio Version 17
VisualStudioVersion = 17.14.37027.9 d17.14
MinimumVisualStudioVersion = 10.0.40219.1
Project("{8BC9CEB8-8B4A-11D0-8D11-00A0C91BC942}") = "FXPredictor", "FXPredictor\FXPredictor.vcxproj", "{93CCB870-8222-47AB-903B-289269C5FB73}"
EndProject
Global
	GlobalSection(SolutionConfigurationPlatforms) = preSolution
		Debug|x64 = Debug|x64
		Debug|x86 = Debug|x86
		Release|x64 = Release|x64
		Release|x86 = Release|x86
	EndGlobalSection
	GlobalSection(ProjectConfigurationPlatforms) = postSolution
		{93CCB870-8222-47AB-903B-289269C5FB73}.Debug|x64.ActiveCfg = Debug|x64
		{93CCB870-8222-47AB-903B-289269C5FB73}.Debug|x64.Build.0 = Debug|x64
		{93CCB870-8222-47AB-903B-289269C5FB73}.Debug|x86.ActiveCfg = Debug|Win32
		{93CCB870-8222-47AB-903B-289269C5FB73}.Debug|x86.Build.0 = Debug|Win32
		{93CCB870-8222-47AB-903B-289269C5FB73}.Release|x64.ActiveCfg = Release|x64
		{93CCB870-8222-47AB-903B-289269C5FB73}.Release|x64.Build.0 = Release|x64
		{93CCB870-8222-47AB-903B-289269C5FB73}.Release|x86.ActiveCfg = Release|Win32
		{93CCB870-8222-47AB-903B-289269C5FB73}.Release|x86.Build.0 = Release|Win32
	EndGlobalSection
	GlobalSection(SolutionProperties) = preSolution
		HideSolutionNode = FALSE
	EndGlobalSection
	GlobalSection(ExtensibilityGlobals) = postSolution
		SolutionGuid = {E49A168B-60A7-465D-8C3B-85E823A68B38}
	EndGlobalSection
EndGlobal
