
Microsoft Visual Studio Solution File, Format Version 12.00
# Visual Studio Version 17
VisualStudioVersion = 17.14.37027.9 d17.14
MinimumVisualStudioVersion = 10.0.40219.1
Project("{8BC9CEB8-8B4A-11D0-8D11-00A0C91BC942}") = "환율예측프로그램", "환율예측프로그램\환율예측프로그램.vcxproj", "{C6AAFDB9-27E3-444F-8966-376857F8624D}"
EndProject
Global
	GlobalSection(SolutionConfigurationPlatforms) = preSolution
		Debug|x64 = Debug|x64
		Debug|x86 = Debug|x86
		Release|x64 = Release|x64
		Release|x86 = Release|x86
	EndGlobalSection
	GlobalSection(ProjectConfigurationPlatforms) = postSolution
		{C6AAFDB9-27E3-444F-8966-376857F8624D}.Debug|x64.ActiveCfg = Debug|x64
		{C6AAFDB9-27E3-444F-8966-376857F8624D}.Debug|x64.Build.0 = Debug|x64
		{C6AAFDB9-27E3-444F-8966-376857F8624D}.Debug|x86.ActiveCfg = Debug|Win32
		{C6AAFDB9-27E3-444F-8966-376857F8624D}.Debug|x86.Build.0 = Debug|Win32
		{C6AAFDB9-27E3-444F-8966-376857F8624D}.Release|x64.ActiveCfg = Release|x64
		{C6AAFDB9-27E3-444F-8966-376857F8624D}.Release|x64.Build.0 = Release|x64
		{C6AAFDB9-27E3-444F-8966-376857F8624D}.Release|x86.ActiveCfg = Release|Win32
		{C6AAFDB9-27E3-444F-8966-376857F8624D}.Release|x86.Build.0 = Release|Win32
	EndGlobalSection
	GlobalSection(SolutionProperties) = preSolution
		HideSolutionNode = FALSE
	EndGlobalSection
	GlobalSection(ExtensibilityGlobals) = postSolution
		SolutionGuid = {E06CD03C-49F4-42EE-81AF-F3699C842857}
	EndGlobalSection
EndGlobal
